<?xml version="1.0" encoding="utf-8"?>
<Project ToolsVersion="4.0" xmlns="http://schemas.microsoft.com/developer/msbuild/2003">
  <ItemGroup>
    <Filter Include="Precompiled">
      <UniqueIdentifier>{c49c4d67-7036-478f-aab7-192608aa8443}</UniqueIdentifier>
    </Filter>
    <Filter Include="Logging">
      <UniqueIdentifier>{16fb352c-709a-4c24-98cd-3684904a93f5}</UniqueIdentifier>
    </Filter>
    <Filter Include="Maths">
      <UniqueIdentifier>{7e077f0e-7b73-4a2f-83de-0e79ed10bd09}</UniqueIdentifier>
    </Filter>
    <Filter Include="Managers">
      <UniqueIdentifier>{2f2dab86-4401-4d0b-89b6-79713897812e}</UniqueIdentifier>
    </Filter>
    <Filter Include="Objects">
      <UniqueIdentifier>{5b049543-e12e-45a2-b785-b8b43e1eff91}</UniqueIdentifier>
    </Filter>
    <Filter Include="Resources">
      <UniqueIdentifier>{18edc5f5-3f88-4d3c-ace9-9a7a335c436c}</UniqueIdentifier>
    </Filter>
  </ItemGroup>
  <ItemGroup>
    <ClCompile Include="OAEPrecompiled.cpp">
      <Filter>Precompiled</Filter>
    </ClCompile>
    <ClCompile Include="OAELogger.cpp">
      <Filter>Logging</Filter>
    </ClCompile>
    <ClCompile Include="OrangeAudioEngine.cpp" />
    <ClCompile Include="OAEBasicTypes.cpp">
      <Filter>Maths</Filter>
    </ClCompile>
    <ClCompile Include="OAEWavFile.cpp">
      <Filter>Resources</Filter>
    </ClCompile>
    <ClCompile Include="OAESource.cpp">
      <Filter>Resources</Filter>
    </ClCompile>
    <ClCompile Include="OAEFile.cpp">
      <Filter>Resources</Filter>
    </ClCompile>
    <ClCompile Include="OAESourceManager.cpp">
      <Filter>Managers</Filter>
    </ClCompile>
    <ClCompile Include="OAEEmitterObject.cpp">
      <Filter>Objects</Filter>
    </ClCompile>
    <ClCompile Include="OAEVoice.cpp">
      <Filter>Objects</Filter>
    </ClCompile>
    <ClCompile Include="OAEVoiceManager.cpp">
      <Filter>Managers</Filter>
    </ClCompile>
  </ItemGroup>
  <ItemGroup>
    <ClInclude Include="OAEPrecompiled.h">
      <Filter>Precompiled</Filter>
    </ClInclude>
    <ClInclude Include="OAELogger.h">
      <Filter>Logging</Filter>
    </ClInclude>
    <ClInclude Include="OrangeAudioEngine.h" />
    <ClInclude Include="OrangeAudioEngineDefs.h" />
    <ClInclude Include="OAEBasicTypes.h">
      <Filter>Maths</Filter>
    </ClInclude>
    <ClInclude Include="OAEWavFile.h">
      <Filter>Resources</Filter>
    </ClInclude>
    <ClInclude Include="OAEAudioIncludes.h">
      <Filter>Precompiled</Filter>
    </ClInclude>
    <ClInclude Include="OAESource.h">
      <Filter>Resources</Filter>
    </ClInclude>
    <ClInclude Include="OAEFile.h">
      <Filter>Resources</Filter>
    </ClInclude>
    <ClInclude Include="OAESourceManager.h">
      <Filter>Managers</Filter>
    </ClInclude>
    <ClInclude Include="OAEEmitterObject.h">
      <Filter>Objects</Filter>
    </ClInclude>
    <ClInclude Include="OAEVoice.h">
      <Filter>Objects</Filter>
    </ClInclude>
    <ClInclude Include="OAEVoiceManager.h">
      <Filter>Managers</Filter>
    </ClInclude>
  </ItemGroup>
</Project>